// !$*UTF8*$!
{
	archiveVersion = 1;
	classes = {
	};
	objectVersion = 56;
	objects = {

/* Begin PBXBuildFile section */
		BA0879F3290CDC6100EE3CB7 /* AppDelegate.swift in Sources */ = {isa = PBXBuildFile; fileRef = BA0879F2290CDC6100EE3CB7 /* AppDelegate.swift */; };
		BA0879F5290CDC6100EE3CB7 /* SceneDelegate.swift in Sources */ = {isa = PBXBuildFile; fileRef = BA0879F4290CDC6100EE3CB7 /* SceneDelegate.swift */; };
		BA0879F7290CDC6100EE3CB7 /* ViewController.swift in Sources */ = {isa = PBXBuildFile; fileRef = BA0879F6290CDC6100EE3CB7 /* ViewController.swift */; };
		BA0879FA290CDC6100EE3CB7 /* Main.storyboard in Resources */ = {isa = PBXBuildFile; fileRef = BA0879F8290CDC6100EE3CB7 /* Main.storyboard */; };
		BA0879FC290CDC6200EE3CB7 /* Assets.xcassets in Resources */ = {isa = PBXBuildFile; fileRef = BA0879FB290CDC6200EE3CB7 /* Assets.xcassets */; };
		BA0879FF290CDC6200EE3CB7 /* LaunchScreen.storyboard in Resources */ = {isa = PBXBuildFile; fileRef = BA0879FD290CDC6200EE3CB7 /* LaunchScreen.storyboard */; };
		BA087A07290CDCC500EE3CB7 /* GoogleService-Info.plist in Resources */ = {isa = PBXBuildFile; fileRef = BA087A06290CDCC500EE3CB7 /* GoogleService-Info.plist */; };
		BA7FA00F290D102B00BFB32F /* FirebaseAnalytics in Frameworks */ = {isa = PBXBuildFile; productRef = BA7FA00E290D102B00BFB32F /* FirebaseAnalytics */; };
		BA7FA011290D102B00BFB32F /* FirebaseAuth in Frameworks */ = {isa = PBXBuildFile; productRef = BA7FA010290D102B00BFB32F /* FirebaseAuth */; };
		BA7FA014290D123B00BFB32F /* FacebookCore in Frameworks */ = {isa = PBXBuildFile; productRef = BA7FA013290D123B00BFB32F /* FacebookCore */; };
		BA7FA016290D123B00BFB32F /* FacebookLogin in Frameworks */ = {isa = PBXBuildFile; productRef = BA7FA015290D123B00BFB32F /* FacebookLogin */; };
/* End PBXBuildFile section */

/* Begin PBXFileReference section */
		BA0879EF290CDC6100EE3CB7 /* A209FBLoing.app */ = {isa = PBXFileReference; explicitFileType = wrapper.application; includeInIndex = 0; path = A209FBLoing.app; sourceTree = BUILT_PRODUCTS_DIR; };
		BA0879F2290CDC6100EE3CB7 /* AppDelegate.swift */ = {isa = PBXFileReference; lastKnownFileType = sourcecode.swift; path = AppDelegate.swift; sourceTree = "<group>"; };
		BA0879F4290CDC6100EE3CB7 /* SceneDelegate.swift */ = {isa = PBXFileReference; lastKnownFileType = sourcecode.swift; path = SceneDelegate.swift; sourceTree = "<group>"; };
		BA0879F6290CDC6100EE3CB7 /* ViewController.swift */ = {isa = PBXFileReference; lastKnownFileType = sourcecode.swift; path = ViewController.swift; sourceTree = "<group>"; };
		BA0879F9290CDC6100EE3CB7 /* Base */ = {isa = PBXFileReference; lastKnownFileType = file.storyboard; name = Base; path = Base.lproj/Main.storyboard; sourceTree = "<group>"; };
		BA0879FB290CDC6200EE3CB7 /* Assets.xcassets */ = {isa = PBXFileReference; lastKnownFileType = folder.assetcatalog; path = Assets.xcassets; sourceTree = "<group>"; };
		BA0879FE290CDC6200EE3CB7 /* Base */ = {isa = PBXFileReference; lastKnownFileType = file.storyboard; name = Base; path = Base.lproj/LaunchScreen.storyboard; sourceTree = "<group>"; };
		BA087A00290CDC6200EE3CB7 /* Info.plist */ = {isa = PBXFileReference; lastKnownFileType = text.plist.xml; path = Info.plist; sourceTree = "<group>"; };
		BA087A06290CDCC500EE3CB7 /* GoogleService-Info.plist */ = {isa = PBXFileReference; fileEncoding = 4; lastKnownFileType = text.plist.xml; path = "GoogleService-Info.plist"; sourceTree = "<group>"; };
/* End PBXFileReference section */

/* Begin PBXFrameworksBuildPhase section */
		BA0879EC290CDC6100EE3CB7 /* Frameworks */ = {
			isa = PBXFrameworksBuildPhase;
			buildActionMask = 2147483647;
			files = (
				BA7FA016290D123B00BFB32F /* FacebookLogin in Frameworks */,
				BA7FA00F290D102B00BFB32F /* FirebaseAnalytics in Frameworks */,
				BA7FA014290D123B00BFB32F /* FacebookCore in Frameworks */,
				BA7FA011290D102B00BFB32F /* FirebaseAuth in Frameworks */,
			);
			runOnlyForDeploymentPostprocessing = 0;
		};
/* End PBXFrameworksBuildPhase section */

/* Begin PBXGroup section */
		BA0879E6290CDC6100EE3CB7 = {
			isa = PBXGroup;
			children = (
				BA0879F1290CDC6100EE3CB7 /* A209FBLoing */,
				BA0879F0290CDC6100EE3CB7 /* Products */,
			);
			sourceTree = "<group>";
		};
		BA0879F0290CDC6100EE3CB7 /* Products */ = {
			isa = PBXGroup;
			children = (
				BA0879EF290CDC6100EE3CB7 /* A209FBLoing.app */,
			);
			name = Products;
			sourceTree = "<group>";
		};
		BA0879F1290CDC6100EE3CB7 /* A209FBLoing */ = {
			isa = PBXGroup;
			children = (
				BA0879F2290CDC6100EE3CB7 /* AppDelegate.swift */,
				BA087A06290CDCC500EE3CB7 /* GoogleService-Info.plist */,
				BA0879F4290CDC6100EE3CB7 /* SceneDelegate.swift */,
				BA0879F6290CDC6100EE3CB7 /* ViewController.swift */,
				BA0879F8290CDC6100EE3CB7 /* Main.storyboard */,
				BA0879FB290CDC6200EE3CB7 /* Assets.xcassets */,
				BA0879FD290CDC6200EE3CB7 /* LaunchScreen.storyboard */,
				BA087A00290CDC6200EE3CB7 /* Info.plist */,
			);
			path = A209FBLoing;
			sourceTree = "<group>";
		};
/* End PBXGroup section */

/* Begin PBXNativeTarget section */
		BA0879EE290CDC6100EE3CB7 /* A209FBLoing */ = {
			isa = PBXNativeTarget;
			buildConfigurationList = BA087A03290CDC6200EE3CB7 /* Build configuration list for PBXNativeTarget "A209FBLoing" */;
			buildPhases = (
				BA0879EB290CDC6100EE3CB7 /* Sources */,
				BA0879EC290CDC6100EE3CB7 /* Frameworks */,
				BA0879ED290CDC6100EE3CB7 /* Resources */,
			);
			buildRules = (
			);
			dependencies = (
			);
			name = A209FBLoing;
			packageProductDependencies = (
				BA7FA00E290D102B00BFB32F /* FirebaseAnalytics */,
				BA7FA010290D102B00BFB32F /* FirebaseAuth */,
				BA7FA013290D123B00BFB32F /* FacebookCore */,
				BA7FA015290D123B00BFB32F /* FacebookLogin */,
			);
			productName = A209FBLoing;
			productReference = BA0879EF290CDC6100EE3CB7 /* A209FBLoing.app */;
			productType = "com.apple.product-type.application";
		};
/* End PBXNativeTarget section */

/* Begin PBXProject section */
		BA0879E7290CDC6100EE3CB7 /* Project object */ = {
			isa = PBXProject;
			attributes = {
				BuildIndependentTargetsInParallel = 1;
				LastSwiftUpdateCheck = 1400;
				LastUpgradeCheck = 1400;
				TargetAttributes = {
					BA0879EE290CDC6100EE3CB7 = {
						CreatedOnToolsVersion = 14.0.1;
					};
				};
			};
			buildConfigurationList = BA0879EA290CDC6100EE3CB7 /* Build configuration list for PBXProject "A209FBLoing" */;
			compatibilityVersion = "Xcode 14.0";
			developmentRegion = en;
			hasScannedForEncodings = 0;
			knownRegions = (
				en,
				Base,
			);
			mainGroup = BA0879E6290CDC6100EE3CB7;
			packageReferences = (
				BA7FA00D290D102B00BFB32F /* XCRemoteSwiftPackageReference "firebase-ios-sdk" */,
				BA7FA012290D123B00BFB32F /* XCRemoteSwiftPackageReference "facebook-ios-sdk" */,
			);
			productRefGroup = BA0879F0290CDC6100EE3CB7 /* Products */;
			projectDirPath = "";
			projectRoot = "";
			targets = (
				BA0879EE290CDC6100EE3CB7 /* A209FBLoing */,
			);
		};
/* End PBXProject section */

/* Begin PBXResourcesBuildPhase section */
		BA0879ED290CDC6100EE3CB7 /* Resources */ = {
			isa = PBXResourcesBuildPhase;
			buildActionMask = 2147483647;
			files = (
				BA0879FF290CDC6200EE3CB7 /* LaunchScreen.storyboard in Resources */,
				BA087A07290CDCC500EE3CB7 /* GoogleService-Info.plist in Resources */,
				BA0879FC290CDC6200EE3CB7 /* Assets.xcassets in Resources */,
				BA0879FA290CDC6100EE3CB7 /* Main.storyboard in Resources */,
			);
			runOnlyForDeploymentPostprocessing = 0;
		};
/* End PBXResourcesBuildPhase section */

/* Begin PBXSourcesBuildPhase section */
		BA0879EB290CDC6100EE3CB7 /* Sources */ = {
			isa = PBXSourcesBuildPhase;
			buildActionMask = 2147483647;
			files = (
				BA0879F7290CDC6100EE3CB7 /* ViewController.swift in Sources */,
				BA0879F3290CDC6100EE3CB7 /* AppDelegate.swift in Sources */,
				BA0879F5290CDC6100EE3CB7 /* SceneDelegate.swift in Sources */,
			);
			runOnlyForDeploymentPostprocessing = 0;
		};
/* End PBXSourcesBuildPhase section */

/* Begin PBXVariantGroup section */
		BA0879F8290CDC6100EE3CB7 /* Main.storyboard */ = {
			isa = PBXVariantGroup;
			children = (
				BA0879F9290CDC6100EE3CB7 /* Base */,
			);
			name = Main.storyboard;
			sourceTree = "<group>";
		};
		BA0879FD290CDC6200EE3CB7 /* LaunchScreen.storyboard */ = {
			isa = PBXVariantGroup;
			children = (
				BA0879FE290CDC6200EE3CB7 /* Base */,
			);
			name = LaunchScreen.storyboard;
			sourceTree = "<group>";
		};
/* End PBXVariantGroup section */

/* Begin XCBuildConfiguration section */
		BA087A01290CDC6200EE3CB7 /* Debug */ = {
			isa = XCBuildConfiguration;
			buildSettings = {
				ALWAYS_SEARCH_USER_PATHS = NO;
				CLANG_ANALYZER_NONNULL = YES;
				CLANG_ANALYZER_NUMBER_OBJECT_CONVERSION = YES_AGGRESSIVE;
				CLANG_CXX_LANGUAGE_STANDARD = "gnu++20";
				CLANG_ENABLE_MODULES = YES;
				CLANG_ENABLE_OBJC_ARC = YES;
				CLANG_ENABLE_OBJC_WEAK = YES;
				CLANG_WARN_BLOCK_CAPTURE_AUTORELEASING = YES;
				CLANG_WARN_BOOL_CONVERSION = YES;
				CLANG_WARN_COMMA = YES;
				CLANG_WARN_CONSTANT_CONVERSION = YES;
				CLANG_WARN_DEPRECATED_OBJC_IMPLEMENTATIONS = YES;
				CLANG_WARN_DIRECT_OBJC_ISA_USAGE = YES_ERROR;
				CLANG_WARN_DOCUMENTATION_COMMENTS = YES;
				CLANG_WARN_EMPTY_BODY = YES;
				CLANG_WARN_ENUM_CONVERSION = YES;
				CLANG_WARN_INFINITE_RECURSION = YES;
				CLANG_WARN_INT_CONVERSION = YES;
				CLANG_WARN_NON_LITERAL_NULL_CONVERSION = YES;
				CLANG_WARN_OBJC_IMPLICIT_RETAIN_SELF = YES;
				CLANG_WARN_OBJC_LITERAL_CONVERSION = YES;
				CLANG_WARN_OBJC_ROOT_CLASS = YES_ERROR;
				CLANG_WARN_QUOTED_INCLUDE_IN_FRAMEWORK_HEADER = YES;
				CLANG_WARN_RANGE_LOOP_ANALYSIS = YES;
				CLANG_WARN_STRICT_PROTOTYPES = YES;
				CLANG_WARN_SUSPICIOUS_MOVE = YES;
				CLANG_WARN_UNGUARDED_AVAILABILITY = YES_AGGRESSIVE;
				CLANG_WARN_UNREACHABLE_CODE = YES;
				CLANG_WARN__DUPLICATE_METHOD_MATCH = YES;
				COPY_PHASE_STRIP = NO;
				DEBUG_INFORMATION_FORMAT = dwarf;
				ENABLE_STRICT_OBJC_MSGSEND = YES;
				ENABLE_TESTABILITY = YES;
				GCC_C_LANGUAGE_STANDARD = gnu11;
				GCC_DYNAMIC_NO_PIC = NO;
				GCC_NO_COMMON_BLOCKS = YES;
				GCC_OPTIMIZATION_LEVEL = 0;
				GCC_PREPROCESSOR_DEFINITIONS = (
					"DEBUG=1",
					"$(inherited)",
				);
				GCC_WARN_64_TO_32_BIT_CONVERSION = YES;
				GCC_WARN_ABOUT_RETURN_TYPE = YES_ERROR;
				GCC_WARN_UNDECLARED_SELECTOR = YES;
				GCC_WARN_UNINITIALIZED_AUTOS = YES_AGGRESSIVE;
				GCC_WARN_UNUSED_FUNCTION = YES;
				GCC_WARN_UNUSED_VARIABLE = YES;
				IPHONEOS_DEPLOYMENT_TARGET = 16.0;
				MTL_ENABLE_DEBUG_INFO = INCLUDE_SOURCE;
				MTL_FAST_MATH = YES;
				ONLY_ACTIVE_ARCH = YES;
				SDKROOT = iphoneos;
				SWIFT_ACTIVE_COMPILATION_CONDITIONS = DEBUG;
				SWIFT_OPTIMIZATION_LEVEL = "-Onone";
			};
			name = Debug;
		};
		BA087A02290CDC6200EE3CB7 /* Release */ = {
			isa = XCBuildConfiguration;
			buildSettings = {
				ALWAYS_SEARCH_USER_PATHS = NO;
				CLANG_ANALYZER_NONNULL = YES;
				CLANG_ANALYZER_NUMBER_OBJECT_CONVERSION = YES_AGGRESSIVE;
				CLANG_CXX_LANGUAGE_STANDARD = "gnu++20";
				CLANG_ENABLE_MODULES = YES;
				CLANG_ENABLE_OBJC_ARC = YES;
				CLANG_ENABLE_OBJC_WEAK = YES;
				CLANG_WARN_BLOCK_CAPTURE_AUTORELEASING = YES;
				CLANG_WARN_BOOL_CONVERSION = YES;
				CLANG_WARN_COMMA = YES;
				CLANG_WARN_CONSTANT_CONVERSION = YES;
				CLANG_WARN_DEPRECATED_OBJC_IMPLEMENTATIONS = YES;
				CLANG_WARN_DIRECT_OBJC_ISA_USAGE = YES_ERROR;
				CLANG_WARN_DOCUMENTATION_COMMENTS = YES;
				CLANG_WARN_EMPTY_BODY = YES;
				CLANG_WARN_ENUM_CONVERSION = YES;
				CLANG_WARN_INFINITE_RECURSION = YES;
				CLANG_WARN_INT_CONVERSION = YES;
				CLANG_WARN_NON_LITERAL_NULL_CONVERSION = YES;
				CLANG_WARN_OBJC_IMPLICIT_RETAIN_SELF = YES;
				CLANG_WARN_OBJC_LITERAL_CONVERSION = YES;
				CLANG_WARN_OBJC_ROOT_CLASS = YES_ERROR;
				CLANG_WARN_QUOTED_INCLUDE_IN_FRAMEWORK_HEADER = YES;
				CLANG_WARN_RANGE_LOOP_ANALYSIS = YES;
				CLANG_WARN_STRICT_PROTOTYPES = YES;
				CLANG_WARN_SUSPICIOUS_MOVE = YES;
				CLANG_WARN_UNGUARDED_AVAILABILITY = YES_AGGRESSIVE;
				CLANG_WARN_UNREACHABLE_CODE = YES;
				CLANG_WARN__DUPLICATE_METHOD_MATCH = YES;
				COPY_PHASE_STRIP = NO;
				DEBUG_INFORMATION_FORMAT = "dwarf-with-dsym";
				ENABLE_NS_ASSERTIONS = NO;
				ENABLE_STRICT_OBJC_MSGSEND = YES;
				GCC_C_LANGUAGE_STANDARD = gnu11;
				GCC_NO_COMMON_BLOCKS = YES;
				GCC_WARN_64_TO_32_BIT_CONVERSION = YES;
				GCC_WARN_ABOUT_RETURN_TYPE = YES_ERROR;
				GCC_WARN_UNDECLARED_SELECTOR = YES;
				GCC_WARN_UNINITIALIZED_AUTOS = YES_AGGRESSIVE;
				GCC_WARN_UNUSED_FUNCTION = YES;
				GCC_WARN_UNUSED_VARIABLE = YES;
				IPHONEOS_DEPLOYMENT_TARGET = 16.0;
				MTL_ENABLE_DEBUG_INFO = NO;
				MTL_FAST_MATH = YES;
				SDKROOT = iphoneos;
				SWIFT_COMPILATION_MODE = wholemodule;
				SWIFT_OPTIMIZATION_LEVEL = "-O";
				VALIDATE_PRODUCT = YES;
			};
			name = Release;
		};
		BA087A04290CDC6200EE3CB7 /* Debug */ = {
			isa = XCBuildConfiguration;
			buildSettings = {
				ASSETCATALOG_COMPILER_APPICON_NAME = AppIcon;
				ASSETCATALOG_COMPILER_GLOBAL_ACCENT_COLOR_NAME = AccentColor;
				CODE_SIGN_STYLE = Automatic;
				CURRENT_PROJECT_VERSION = 1;
				DEVELOPMENT_TEAM = XSVW22JPST;
				GENERATE_INFOPLIST_FILE = YES;
				INFOPLIST_FILE = A209FBLoing/Info.plist;
				INFOPLIST_KEY_UIApplicationSupportsIndirectInputEvents = YES;
				INFOPLIST_KEY_UILaunchStoryboardName = LaunchScreen;
				INFOPLIST_KEY_UIMainStoryboardFile = Main;
				INFOPLIST_KEY_UISupportedInterfaceOrientations_iPad = "UIInterfaceOrientationPortrait UIInterfaceOrientationPortraitUpsideDown UIInterfaceOrientationLandscapeLeft UIInterfaceOrientationLandscapeRight";
				INFOPLIST_KEY_UISupportedInterfaceOrientations_iPhone = "UIInterfaceOrientationPortrait UIInterfaceOrientationLandscapeLeft UIInterfaceOrientationLandscapeRight";
				LD_RUNPATH_SEARCH_PATHS = (
					"$(inherited)",
					"@executable_path/Frameworks",
				);
				MARKETING_VERSION = 1.0;
				PRODUCT_BUNDLE_IDENTIFIER = idv.sjw.A209FBLoing;
				PRODUCT_NAME = "$(TARGET_NAME)";
				SWIFT_EMIT_LOC_STRINGS = YES;
				SWIFT_VERSION = 5.0;
				TARGETED_DEVICE_FAMILY = "1,2";
			};
			name = Debug;
		};
		BA087A05290CDC6200EE3CB7 /* Release */ = {
			isa = XCBuildConfiguration;
			buildSettings = {
				ASSETCATALOG_COMPILER_APPICON_NAME = AppIcon;
				ASSETCATALOG_COMPILER_GLOBAL_ACCENT_COLOR_NAME = AccentColor;
				CODE_SIGN_STYLE = Automatic;
				CURRENT_PROJECT_VERSION = 1;
				DEVELOPMENT_TEAM = XSVW22JPST;
				GENERATE_INFOPLIST_FILE = YES;
				INFOPLIST_FILE = A209FBLoing/Info.plist;
				INFOPLIST_KEY_UIApplicationSupportsIndirectInputEvents = YES;
				INFOPLIST_KEY_UILaunchStoryboardName = LaunchScreen;
				INFOPLIST_KEY_UIMainStoryboardFile = Main;
				INFOPLIST_KEY_UISupportedInterfaceOrientations_iPad = "UIInterfaceOrientationPortrait UIInterfaceOrientationPortraitUpsideDown UIInterfaceOrientationLandscapeLeft UIInterfaceOrientationLandscapeRight";
				INFOPLIST_KEY_UISupportedInterfaceOrientations_iPhone = "UIInterfaceOrientationPortrait UIInterfaceOrientationLandscapeLeft UIInterfaceOrientationLandscapeRight";
				LD_RUNPATH_SEARCH_PATHS = (
					"$(inherited)",
					"@executable_path/Frameworks",
				);
				MARKETING_VERSION = 1.0;
				PRODUCT_BUNDLE_IDENTIFIER = idv.sjw.A209FBLoing;
				PRODUCT_NAME = "$(TARGET_NAME)";
				SWIFT_EMIT_LOC_STRINGS = YES;
				SWIFT_VERSION = 5.0;
				TARGETED_DEVICE_FAMILY = "1,2";
			};
			name = Release;
		};
/* End XCBuildConfiguration section */

/* Begin XCConfigurationList section */
		BA0879EA290CDC6100EE3CB7 /* Build configuration list for PBXProject "A209FBLoing" */ = {
			isa = XCConfigurationList;
			buildConfigurations = (
				BA087A01290CDC6200EE3CB7 /* Debug */,
				BA087A02290CDC6200EE3CB7 /* Release */,
			);
			defaultConfigurationIsVisible = 0;
			defaultConfigurationName = Release;
		};
		BA087A03290CDC6200EE3CB7 /* Build configuration list for PBXNativeTarget "A209FBLoing" */ = {
			isa = XCConfigurationList;
			buildConfigurations = (
				BA087A04290CDC6200EE3CB7 /* Debug */,
				BA087A05290CDC6200EE3CB7 /* Release */,
			);
			defaultConfigurationIsVisible = 0;
			defaultConfigurationName = Release;
		};
/* End XCConfigurationList section */

/* Begin XCRemoteSwiftPackageReference section */
		BA7FA00D290D102B00BFB32F /* XCRemoteSwiftPackageReference "firebase-ios-sdk" */ = {
			isa = XCRemoteSwiftPackageReference;
			repositoryURL = "https://github.com/firebase/firebase-ios-sdk.git";
			requirement = {
				branch = master;
				kind = branch;
			};
		};
		BA7FA012290D123B00BFB32F /* XCRemoteSwiftPackageReference "facebook-ios-sdk" */ = {
			isa = XCRemoteSwiftPackageReference;
			repositoryURL = "https://github.com/facebook/facebook-ios-sdk";
			requirement = {
				kind = upToNextMinorVersion;
				minimumVersion = 9.0.0;
			};
		};
/* End XCRemoteSwiftPackageReference section */

/* Begin XCSwiftPackageProductDependency section */
		BA7FA00E290D102B00BFB32F /* FirebaseAnalytics */ = {
			isa = XCSwiftPackageProductDependency;
			package = BA7FA00D290D102B00BFB32F /* XCRemoteSwiftPackageReference "firebase-ios-sdk" */;
			productName = FirebaseAnalytics;
		};
		BA7FA010290D102B00BFB32F /* FirebaseAuth */ = {
			isa = XCSwiftPackageProductDependency;
			package = BA7FA00D290D102B00BFB32F /* XCRemoteSwiftPackageReference "firebase-ios-sdk" */;
			productName = FirebaseAuth;
		};
		BA7FA013290D123B00BFB32F /* FacebookCore */ = {
			isa = XCSwiftPackageProductDependency;
			package = BA7FA012290D123B00BFB32F /* XCRemoteSwiftPackageReference "facebook-ios-sdk" */;
			productName = FacebookCore;
		};
		BA7FA015290D123B00BFB32F /* FacebookLogin */ = {
			isa = XCSwiftPackageProductDependency;
			package = BA7FA012290D123B00BFB32F /* XCRemoteSwiftPackageReference "facebook-ios-sdk" */;
			productName = FacebookLogin;
		};
/* End XCSwiftPackageProductDependency section */
	};
	rootObject = BA0879E7290CDC6100EE3CB7 /* Project object */;
}
